
Microsoft Visual Studio Solution File, Format Version 12.00
# Visual Studio Version 16
VisualStudioVersion = 16.0.32413.511
MinimumVisualStudioVersion = 10.0.40219.1
Project("{FAE04EC0-301F-11D3-BF4B-00C04F79EFBC}") = "Calculator", "Calculator\Calculator.csproj", "{064CCB75-5236-4CA7-8D0B-39B5532F2A16}"
EndProject
Global
	GlobalSection(SolutionConfigurationPlatforms) = preSolution
		Debug|Any CPU = Debug|Any CPU
		Release|Any CPU = Release|Any CPU
	EndGlobalSection
	GlobalSection(ProjectConfigurationPlatforms) = postSolution
		{064CCB75-5236-4CA7-8D0B-39B5532F2A16}.Debug|Any CPU.ActiveCfg = Debug|Any CPU
		{064CCB75-5236-4CA7-8D0B-39B5532F2A16}.Debug|Any CPU.Build.0 = Debug|Any CPU
		{064CCB75-5236-4CA7-8D0B-39B5532F2A16}.Release|Any CPU.ActiveCfg = Release|Any CPU
		{064CCB75-5236-4CA7-8D0B-39B5532F2A16}.Release|Any CPU.Build.0 = Release|Any CPU
	EndGlobalSection
	GlobalSection(SolutionProperties) = preSolution
		HideSolutionNode = FALSE
	EndGlobalSection
	GlobalSection(ExtensibilityGlobals) = postSolution
		SolutionGuid = {F793B5E3-FB5B-4419-B516-ED81E1D0E984}
	EndGlobalSection
EndGlobal
